
Microsoft Visual Studio Solution File, Format Version 12.00
# Visual Studio Version 16
VisualStudioVersion = 16.0.32126.315
MinimumVisualStudioVersion = 10.0.40219.1
Project("{FAE04EC0-301F-11D3-BF4B-00C04F79EFBC}") = "task1 access modifiers", "task1 access modifiers\task1 access modifiers.csproj", "{34D20D98-7AB2-47B8-BF2B-93846DD8CFA0}"
EndProject
Global
	GlobalSection(SolutionConfigurationPlatforms) = preSolution
		Debug|Any CPU = Debug|Any CPU
		Release|Any CPU = Release|Any CPU
	EndGlobalSection
	GlobalSection(ProjectConfigurationPlatforms) = postSolution
		{34D20D98-7AB2-47B8-BF2B-93846DD8CFA0}.Debug|Any CPU.ActiveCfg = Debug|Any CPU
		{34D20D98-7AB2-47B8-BF2B-93846DD8CFA0}.Debug|Any CPU.Build.0 = Debug|Any CPU
		{34D20D98-7AB2-47B8-BF2B-93846DD8CFA0}.Release|Any CPU.ActiveCfg = Release|Any CPU
		{34D20D98-7AB2-47B8-BF2B-93846DD8CFA0}.Release|Any CPU.Build.0 = Release|Any CPU
	EndGlobalSection
	GlobalSection(SolutionProperties) = preSolution
		HideSolutionNode = FALSE
	EndGlobalSection
	GlobalSection(ExtensibilityGlobals) = postSolution
		SolutionGuid = {F63D5FE2-6C79-4185-8FFC-33179142BB8B}
	EndGlobalSection
EndGlobal
